
Microsoft Visual Studio Solution File, Format Version 12.00
# Visual Studio 15
VisualStudioVersion = 15.0.26228.9
MinimumVisualStudioVersion = 10.0.40219.1
Project("{8BC9CEB8-8B4A-11D0-8D11-00A0C91BC942}") = "TI3.4-ForMet", "TI3.4-ForMet.vcxproj", "{D3FB79DF-7824-44AA-B28B-14719390E145}"
EndProject
Project("{8BC9CEB8-8B4A-11D0-8D11-00A0C91BC942}") = "TI3.4-ForMet-Test", "TI3.4-ForMet-Test\TI3.4-ForMet-Test.vcxproj", "{968F8BFE-2FD8-4B69-94F9-147380AB24D3}"
EndProject
Global
	GlobalSection(SolutionConfigurationPlatforms) = preSolution
		Debug|x64 = Debug|x64
		Debug|x86 = Debug|x86
		Release|x64 = Release|x64
		Release|x86 = Release|x86
	EndGlobalSection
	GlobalSection(ProjectConfigurationPlatforms) = postSolution
		{D3FB79DF-7824-44AA-B28B-14719390E145}.Debug|x64.ActiveCfg = Debug|x64
		{D3FB79DF-7824-44AA-B28B-14719390E145}.Debug|x64.Build.0 = Debug|x64
		{D3FB79DF-7824-44AA-B28B-14719390E145}.Debug|x86.ActiveCfg = Debug|Win32
		{D3FB79DF-7824-44AA-B28B-14719390E145}.Debug|x86.Build.0 = Debug|Win32
		{D3FB79DF-7824-44AA-B28B-14719390E145}.Release|x64.ActiveCfg = Release|x64
		{D3FB79DF-7824-44AA-B28B-14719390E145}.Release|x64.Build.0 = Release|x64
		{D3FB79DF-7824-44AA-B28B-14719390E145}.Release|x86.ActiveCfg = Release|Win32
		{D3FB79DF-7824-44AA-B28B-14719390E145}.Release|x86.Build.0 = Release|Win32
		{968F8BFE-2FD8-4B69-94F9-147380AB24D3}.Debug|x64.ActiveCfg = Debug|x64
		{968F8BFE-2FD8-4B69-94F9-147380AB24D3}.Debug|x64.Build.0 = Debug|x64
		{968F8BFE-2FD8-4B69-94F9-147380AB24D3}.Debug|x86.ActiveCfg = Debug|Win32
		{968F8BFE-2FD8-4B69-94F9-147380AB24D3}.Debug|x86.Build.0 = Debug|Win32
		{968F8BFE-2FD8-4B69-94F9-147380AB24D3}.Release|x64.ActiveCfg = Release|x64
		{968F8BFE-2FD8-4B69-94F9-147380AB24D3}.Release|x64.Build.0 = Release|x64
		{968F8BFE-2FD8-4B69-94F9-147380AB24D3}.Release|x86.ActiveCfg = Release|Win32
		{968F8BFE-2FD8-4B69-94F9-147380AB24D3}.Release|x86.Build.0 = Release|Win32
	EndGlobalSection
	GlobalSection(SolutionProperties) = preSolution
		HideSolutionNode = FALSE
	EndGlobalSection
EndGlobal
